// !$*UTF8*$!
{
	archiveVersion = 1;
	classes = {
	};
	objectVersion = 50;
	objects = {

/* Begin PBXBuildFile section */
		6AE9D88B209BD33100B98486 /* AppDelegate.swift in Sources */ = {isa = PBXBuildFile; fileRef = 6AE9D88A209BD33100B98486 /* AppDelegate.swift */; };
		6AE9D88D209BD33100B98486 /* ViewController.swift in Sources */ = {isa = PBXBuildFile; fileRef = 6AE9D88C209BD33100B98486 /* ViewController.swift */; };
		6AE9D890209BD33100B98486 /* Main.storyboard in Resources */ = {isa = PBXBuildFile; fileRef = 6AE9D88E209BD33100B98486 /* Main.storyboard */; };
		6AE9D892209BD33200B98486 /* Assets.xcassets in Resources */ = {isa = PBXBuildFile; fileRef = 6AE9D891209BD33200B98486 /* Assets.xcassets */; };
		6AE9D895209BD33200B98486 /* LaunchScreen.storyboard in Resources */ = {isa = PBXBuildFile; fileRef = 6AE9D893209BD33200B98486 /* LaunchScreen.storyboard */; };
		6AE9D8A0209BDB9C00B98486 /* PostModel.swift in Sources */ = {isa = PBXBuildFile; fileRef = 6AE9D89F209BDB9C00B98486 /* PostModel.swift */; };
		6AE9D8A2209BDED000B98486 /* Post.swift in Sources */ = {isa = PBXBuildFile; fileRef = 6AE9D8A1209BDED000B98486 /* Post.swift */; };
		6AE9D8A4209BE39600B98486 /* MyError.swift in Sources */ = {isa = PBXBuildFile; fileRef = 6AE9D8A3209BE39600B98486 /* MyError.swift */; };
		6AE9D8A6209C21FC00B98486 /* PostCell.swift in Sources */ = {isa = PBXBuildFile; fileRef = 6AE9D8A5209C21FC00B98486 /* PostCell.swift */; };
		971530E258272F6BA883BF5C /* Pods_TrainingAPIRest.framework in Frameworks */ = {isa = PBXBuildFile; fileRef = 58DA66076574346C336EBAD6 /* Pods_TrainingAPIRest.framework */; };
/* End PBXBuildFile section */

/* Begin PBXFileReference section */
		4233B558EC2C7EC81D672BD9 /* Pods-TrainingAPIRest.release.xcconfig */ = {isa = PBXFileReference; includeInIndex = 1; lastKnownFileType = text.xcconfig; name = "Pods-TrainingAPIRest.release.xcconfig"; path = "Pods/Target Support Files/Pods-TrainingAPIRest/Pods-TrainingAPIRest.release.xcconfig"; sourceTree = "<group>"; };
		58DA66076574346C336EBAD6 /* Pods_TrainingAPIRest.framework */ = {isa = PBXFileReference; explicitFileType = wrapper.framework; includeInIndex = 0; path = Pods_TrainingAPIRest.framework; sourceTree = BUILT_PRODUCTS_DIR; };
		6AE9D887209BD33100B98486 /* TrainingAPIRest.app */ = {isa = PBXFileReference; explicitFileType = wrapper.application; includeInIndex = 0; path = TrainingAPIRest.app; sourceTree = BUILT_PRODUCTS_DIR; };
		6AE9D88A209BD33100B98486 /* AppDelegate.swift */ = {isa = PBXFileReference; lastKnownFileType = sourcecode.swift; path = AppDelegate.swift; sourceTree = "<group>"; };
		6AE9D88C209BD33100B98486 /* ViewController.swift */ = {isa = PBXFileReference; lastKnownFileType = sourcecode.swift; path = ViewController.swift; sourceTree = "<group>"; };
		6AE9D88F209BD33100B98486 /* Base */ = {isa = PBXFileReference; lastKnownFileType = file.storyboard; name = Base; path = Base.lproj/Main.storyboard; sourceTree = "<group>"; };
		6AE9D891209BD33200B98486 /* Assets.xcassets */ = {isa = PBXFileReference; lastKnownFileType = folder.assetcatalog; path = Assets.xcassets; sourceTree = "<group>"; };
		6AE9D894209BD33200B98486 /* Base */ = {isa = PBXFileReference; lastKnownFileType = file.storyboard; name = Base; path = Base.lproj/LaunchScreen.storyboard; sourceTree = "<group>"; };
		6AE9D896209BD33200B98486 /* Info.plist */ = {isa = PBXFileReference; lastKnownFileType = text.plist.xml; path = Info.plist; sourceTree = "<group>"; };
		6AE9D89F209BDB9C00B98486 /* PostModel.swift */ = {isa = PBXFileReference; lastKnownFileType = sourcecode.swift; path = PostModel.swift; sourceTree = "<group>"; };
		6AE9D8A1209BDED000B98486 /* Post.swift */ = {isa = PBXFileReference; lastKnownFileType = sourcecode.swift; path = Post.swift; sourceTree = "<group>"; };
		6AE9D8A3209BE39600B98486 /* MyError.swift */ = {isa = PBXFileReference; lastKnownFileType = sourcecode.swift; path = MyError.swift; sourceTree = "<group>"; };
		6AE9D8A5209C21FC00B98486 /* PostCell.swift */ = {isa = PBXFileReference; lastKnownFileType = sourcecode.swift; path = PostCell.swift; sourceTree = "<group>"; };
		B11CE9FCB5DBF343DA628405 /* Pods-TrainingAPIRest.debug.xcconfig */ = {isa = PBXFileReference; includeInIndex = 1; lastKnownFileType = text.xcconfig; name = "Pods-TrainingAPIRest.debug.xcconfig"; path = "Pods/Target Support Files/Pods-TrainingAPIRest/Pods-TrainingAPIRest.debug.xcconfig"; sourceTree = "<group>"; };
/* End PBXFileReference section */

/* Begin PBXFrameworksBuildPhase section */
		6AE9D884209BD33100B98486 /* Frameworks */ = {
			isa = PBXFrameworksBuildPhase;
			buildActionMask = 2147483647;
			files = (
				971530E258272F6BA883BF5C /* Pods_TrainingAPIRest.framework in Frameworks */,
			);
			runOnlyForDeploymentPostprocessing = 0;
		};
/* End PBXFrameworksBuildPhase section */

/* Begin PBXGroup section */
		6AE9D87E209BD33100B98486 = {
			isa = PBXGroup;
			children = (
				6AE9D889209BD33100B98486 /* TrainingAPIRest */,
				6AE9D888209BD33100B98486 /* Products */,
				B88A14005D28F74C74C6FAC4 /* Pods */,
				B95E2FB62516F791384069AC /* Frameworks */,
			);
			sourceTree = "<group>";
		};
		6AE9D888209BD33100B98486 /* Products */ = {
			isa = PBXGroup;
			children = (
				6AE9D887209BD33100B98486 /* TrainingAPIRest.app */,
			);
			name = Products;
			sourceTree = "<group>";
		};
		6AE9D889209BD33100B98486 /* TrainingAPIRest */ = {
			isa = PBXGroup;
			children = (
				6AE9D89E209BDB7700B98486 /* Controller */,
				6AE9D89D209BDB7300B98486 /* View */,
				6AE9D89C209BDB6F00B98486 /* Model */,
				6AE9D896209BD33200B98486 /* Info.plist */,
			);
			path = TrainingAPIRest;
			sourceTree = "<group>";
		};
		6AE9D89C209BDB6F00B98486 /* Model */ = {
			isa = PBXGroup;
			children = (
				6AE9D89F209BDB9C00B98486 /* PostModel.swift */,
				6AE9D8A1209BDED000B98486 /* Post.swift */,
				6AE9D8A3209BE39600B98486 /* MyError.swift */,
			);
			path = Model;
			sourceTree = "<group>";
		};
		6AE9D89D209BDB7300B98486 /* View */ = {
			isa = PBXGroup;
			children = (
				6AE9D88E209BD33100B98486 /* Main.storyboard */,
				6AE9D893209BD33200B98486 /* LaunchScreen.storyboard */,
				6AE9D891209BD33200B98486 /* Assets.xcassets */,
			);
			path = View;
			sourceTree = "<group>";
		};
		6AE9D89E209BDB7700B98486 /* Controller */ = {
			isa = PBXGroup;
			children = (
				6AE9D88A209BD33100B98486 /* AppDelegate.swift */,
				6AE9D88C209BD33100B98486 /* ViewController.swift */,
				6AE9D8A5209C21FC00B98486 /* PostCell.swift */,
			);
			path = Controller;
			sourceTree = "<group>";
		};
		B88A14005D28F74C74C6FAC4 /* Pods */ = {
			isa = PBXGroup;
			children = (
				B11CE9FCB5DBF343DA628405 /* Pods-TrainingAPIRest.debug.xcconfig */,
				4233B558EC2C7EC81D672BD9 /* Pods-TrainingAPIRest.release.xcconfig */,
			);
			name = Pods;
			sourceTree = "<group>";
		};
		B95E2FB62516F791384069AC /* Frameworks */ = {
			isa = PBXGroup;
			children = (
				58DA66076574346C336EBAD6 /* Pods_TrainingAPIRest.framework */,
			);
			name = Frameworks;
			sourceTree = "<group>";
		};
/* End PBXGroup section */

/* Begin PBXNativeTarget section */
		6AE9D886209BD33100B98486 /* TrainingAPIRest */ = {
			isa = PBXNativeTarget;
			buildConfigurationList = 6AE9D899209BD33200B98486 /* Build configuration list for PBXNativeTarget "TrainingAPIRest" */;
			buildPhases = (
				56156BAA6A904AF1FBA18FDA /* [CP] Check Pods Manifest.lock */,
				6AE9D883209BD33100B98486 /* Sources */,
				6AE9D884209BD33100B98486 /* Frameworks */,
				6AE9D885209BD33100B98486 /* Resources */,
				091B0DBB1DE58B71DB2BEAA0 /* [CP] Embed Pods Frameworks */,
			);
			buildRules = (
			);
			dependencies = (
			);
			name = TrainingAPIRest;
			productName = TrainingAPIRest;
			productReference = 6AE9D887209BD33100B98486 /* TrainingAPIRest.app */;
			productType = "com.apple.product-type.application";
		};
/* End PBXNativeTarget section */

/* Begin PBXProject section */
		6AE9D87F209BD33100B98486 /* Project object */ = {
			isa = PBXProject;
			attributes = {
				LastSwiftUpdateCheck = 0930;
				LastUpgradeCheck = 0930;
				ORGANIZATIONNAME = "Isaías";
				TargetAttributes = {
					6AE9D886209BD33100B98486 = {
						CreatedOnToolsVersion = 9.3;
					};
				};
			};
			buildConfigurationList = 6AE9D882209BD33100B98486 /* Build configuration list for PBXProject "TrainingAPIRest" */;
			compatibilityVersion = "Xcode 9.3";
			developmentRegion = en;
			hasScannedForEncodings = 0;
			knownRegions = (
				en,
				Base,
			);
			mainGroup = 6AE9D87E209BD33100B98486;
			productRefGroup = 6AE9D888209BD33100B98486 /* Products */;
			projectDirPath = "";
			projectRoot = "";
			targets = (
				6AE9D886209BD33100B98486 /* TrainingAPIRest */,
			);
		};
/* End PBXProject section */

/* Begin PBXResourcesBuildPhase section */
		6AE9D885209BD33100B98486 /* Resources */ = {
			isa = PBXResourcesBuildPhase;
			buildActionMask = 2147483647;
			files = (
				6AE9D895209BD33200B98486 /* LaunchScreen.storyboard in Resources */,
				6AE9D892209BD33200B98486 /* Assets.xcassets in Resources */,
				6AE9D890209BD33100B98486 /* Main.storyboard in Resources */,
			);
			runOnlyForDeploymentPostprocessing = 0;
		};
/* End PBXResourcesBuildPhase section */

/* Begin PBXShellScriptBuildPhase section */
		091B0DBB1DE58B71DB2BEAA0 /* [CP] Embed Pods Frameworks */ = {
			isa = PBXShellScriptBuildPhase;
			buildActionMask = 2147483647;
			files = (
			);
			inputPaths = (
				"${SRCROOT}/Pods/Target Support Files/Pods-TrainingAPIRest/Pods-TrainingAPIRest-frameworks.sh",
				"${BUILT_PRODUCTS_DIR}/Alamofire/Alamofire.framework",
				"${BUILT_PRODUCTS_DIR}/PKHUD/PKHUD.framework",
				"${BUILT_PRODUCTS_DIR}/SwiftyJSON/SwiftyJSON.framework",
			);
			name = "[CP] Embed Pods Frameworks";
			outputPaths = (
				"${TARGET_BUILD_DIR}/${FRAMEWORKS_FOLDER_PATH}/Alamofire.framework",
				"${TARGET_BUILD_DIR}/${FRAMEWORKS_FOLDER_PATH}/PKHUD.framework",
				"${TARGET_BUILD_DIR}/${FRAMEWORKS_FOLDER_PATH}/SwiftyJSON.framework",
			);
			runOnlyForDeploymentPostprocessing = 0;
			shellPath = /bin/sh;
			shellScript = "\"${SRCROOT}/Pods/Target Support Files/Pods-TrainingAPIRest/Pods-TrainingAPIRest-frameworks.sh\"\n";
			showEnvVarsInLog = 0;
		};
		56156BAA6A904AF1FBA18FDA /* [CP] Check Pods Manifest.lock */ = {
			isa = PBXShellScriptBuildPhase;
			buildActionMask = 2147483647;
			files = (
			);
			inputPaths = (
				"${PODS_PODFILE_DIR_PATH}/Podfile.lock",
				"${PODS_ROOT}/Manifest.lock",
			);
			name = "[CP] Check Pods Manifest.lock";
			outputPaths = (
				"$(DERIVED_FILE_DIR)/Pods-TrainingAPIRest-checkManifestLockResult.txt",
			);
			runOnlyForDeploymentPostprocessing = 0;
			shellPath = /bin/sh;
			shellScript = "diff \"${PODS_PODFILE_DIR_PATH}/Podfile.lock\" \"${PODS_ROOT}/Manifest.lock\" > /dev/null\nif [ $? != 0 ] ; then\n    # print error to STDERR\n    echo \"error: The sandbox is not in sync with the Podfile.lock. Run 'pod install' or update your CocoaPods installation.\" >&2\n    exit 1\nfi\n# This output is used by Xcode 'outputs' to avoid re-running this script phase.\necho \"SUCCESS\" > \"${SCRIPT_OUTPUT_FILE_0}\"\n";
			showEnvVarsInLog = 0;
		};
/* End PBXShellScriptBuildPhase section */

/* Begin PBXSourcesBuildPhase section */
		6AE9D883209BD33100B98486 /* Sources */ = {
			isa = PBXSourcesBuildPhase;
			buildActionMask = 2147483647;
			files = (
				6AE9D88D209BD33100B98486 /* ViewController.swift in Sources */,
				6AE9D8A0209BDB9C00B98486 /* PostModel.swift in Sources */,
				6AE9D88B209BD33100B98486 /* AppDelegate.swift in Sources */,
				6AE9D8A4209BE39600B98486 /* MyError.swift in Sources */,
				6AE9D8A2209BDED000B98486 /* Post.swift in Sources */,
				6AE9D8A6209C21FC00B98486 /* PostCell.swift in Sources */,
			);
			runOnlyForDeploymentPostprocessing = 0;
		};
/* End PBXSourcesBuildPhase section */

/* Begin PBXVariantGroup section */
		6AE9D88E209BD33100B98486 /* Main.storyboard */ = {
			isa = PBXVariantGroup;
			children = (
				6AE9D88F209BD33100B98486 /* Base */,
			);
			name = Main.storyboard;
			sourceTree = "<group>";
		};
		6AE9D893209BD33200B98486 /* LaunchScreen.storyboard */ = {
			isa = PBXVariantGroup;
			children = (
				6AE9D894209BD33200B98486 /* Base */,
			);
			name = LaunchScreen.storyboard;
			sourceTree = "<group>";
		};
/* End PBXVariantGroup section */

/* Begin XCBuildConfiguration section */
		6AE9D897209BD33200B98486 /* Debug */ = {
			isa = XCBuildConfiguration;
			buildSettings = {
				ALWAYS_SEARCH_USER_PATHS = NO;
				CLANG_ANALYZER_NONNULL = YES;
				CLANG_ANALYZER_NUMBER_OBJECT_CONVERSION = YES_AGGRESSIVE;
				CLANG_CXX_LANGUAGE_STANDARD = "gnu++14";
				CLANG_CXX_LIBRARY = "libc++";
				CLANG_ENABLE_MODULES = YES;
				CLANG_ENABLE_OBJC_ARC = YES;
				CLANG_ENABLE_OBJC_WEAK = YES;
				CLANG_WARN_BLOCK_CAPTURE_AUTORELEASING = YES;
				CLANG_WARN_BOOL_CONVERSION = YES;
				CLANG_WARN_COMMA = YES;
				CLANG_WARN_CONSTANT_CONVERSION = YES;
				CLANG_WARN_DEPRECATED_OBJC_IMPLEMENTATIONS = YES;
				CLANG_WARN_DIRECT_OBJC_ISA_USAGE = YES_ERROR;
				CLANG_WARN_DOCUMENTATION_COMMENTS = YES;
				CLANG_WARN_EMPTY_BODY = YES;
				CLANG_WARN_ENUM_CONVERSION = YES;
				CLANG_WARN_INFINITE_RECURSION = YES;
				CLANG_WARN_INT_CONVERSION = YES;
				CLANG_WARN_NON_LITERAL_NULL_CONVERSION = YES;
				CLANG_WARN_OBJC_IMPLICIT_RETAIN_SELF = YES;
				CLANG_WARN_OBJC_LITERAL_CONVERSION = YES;
				CLANG_WARN_OBJC_ROOT_CLASS = YES_ERROR;
				CLANG_WARN_RANGE_LOOP_ANALYSIS = YES;
				CLANG_WARN_STRICT_PROTOTYPES = YES;
				CLANG_WARN_SUSPICIOUS_MOVE = YES;
				CLANG_WARN_UNGUARDED_AVAILABILITY = YES_AGGRESSIVE;
				CLANG_WARN_UNREACHABLE_CODE = YES;
				CLANG_WARN__DUPLICATE_METHOD_MATCH = YES;
				CODE_SIGN_IDENTITY = "iPhone Developer";
				COPY_PHASE_STRIP = NO;
				DEBUG_INFORMATION_FORMAT = dwarf;
				ENABLE_STRICT_OBJC_MSGSEND = YES;
				ENABLE_TESTABILITY = YES;
				GCC_C_LANGUAGE_STANDARD = gnu11;
				GCC_DYNAMIC_NO_PIC = NO;
				GCC_NO_COMMON_BLOCKS = YES;
				GCC_OPTIMIZATION_LEVEL = 0;
				GCC_PREPROCESSOR_DEFINITIONS = (
					"DEBUG=1",
					"$(inherited)",
				);
				GCC_WARN_64_TO_32_BIT_CONVERSION = YES;
				GCC_WARN_ABOUT_RETURN_TYPE = YES_ERROR;
				GCC_WARN_UNDECLARED_SELECTOR = YES;
				GCC_WARN_UNINITIALIZED_AUTOS = YES_AGGRESSIVE;
				GCC_WARN_UNUSED_FUNCTION = YES;
				GCC_WARN_UNUSED_VARIABLE = YES;
				IPHONEOS_DEPLOYMENT_TARGET = 8.0;
				MTL_ENABLE_DEBUG_INFO = YES;
				ONLY_ACTIVE_ARCH = YES;
				SDKROOT = iphoneos;
				SWIFT_ACTIVE_COMPILATION_CONDITIONS = DEBUG;
				SWIFT_OPTIMIZATION_LEVEL = "-Onone";
			};
			name = Debug;
		};
		6AE9D898209BD33200B98486 /* Release */ = {
			isa = XCBuildConfiguration;
			buildSettings = {
				ALWAYS_SEARCH_USER_PATHS = NO;
				CLANG_ANALYZER_NONNULL = YES;
				CLANG_ANALYZER_NUMBER_OBJECT_CONVERSION = YES_AGGRESSIVE;
				CLANG_CXX_LANGUAGE_STANDARD = "gnu++14";
				CLANG_CXX_LIBRARY = "libc++";
				CLANG_ENABLE_MODULES = YES;
				CLANG_ENABLE_OBJC_ARC = YES;
				CLANG_ENABLE_OBJC_WEAK = YES;
				CLANG_WARN_BLOCK_CAPTURE_AUTORELEASING = YES;
				CLANG_WARN_BOOL_CONVERSION = YES;
				CLANG_WARN_COMMA = YES;
				CLANG_WARN_CONSTANT_CONVERSION = YES;
				CLANG_WARN_DEPRECATED_OBJC_IMPLEMENTATIONS = YES;
				CLANG_WARN_DIRECT_OBJC_ISA_USAGE = YES_ERROR;
				CLANG_WARN_DOCUMENTATION_COMMENTS = YES;
				CLANG_WARN_EMPTY_BODY = YES;
				CLANG_WARN_ENUM_CONVERSION = YES;
				CLANG_WARN_INFINITE_RECURSION = YES;
				CLANG_WARN_INT_CONVERSION = YES;
				CLANG_WARN_NON_LITERAL_NULL_CONVERSION = YES;
				CLANG_WARN_OBJC_IMPLICIT_RETAIN_SELF = YES;
				CLANG_WARN_OBJC_LITERAL_CONVERSION = YES;
				CLANG_WARN_OBJC_ROOT_CLASS = YES_ERROR;
				CLANG_WARN_RANGE_LOOP_ANALYSIS = YES;
				CLANG_WARN_STRICT_PROTOTYPES = YES;
				CLANG_WARN_SUSPICIOUS_MOVE = YES;
				CLANG_WARN_UNGUARDED_AVAILABILITY = YES_AGGRESSIVE;
				CLANG_WARN_UNREACHABLE_CODE = YES;
				CLANG_WARN__DUPLICATE_METHOD_MATCH = YES;
				CODE_SIGN_IDENTITY = "iPhone Developer";
				COPY_PHASE_STRIP = NO;
				DEBUG_INFORMATION_FORMAT = "dwarf-with-dsym";
				ENABLE_NS_ASSERTIONS = NO;
				ENABLE_STRICT_OBJC_MSGSEND = YES;
				GCC_C_LANGUAGE_STANDARD = gnu11;
				GCC_NO_COMMON_BLOCKS = YES;
				GCC_WARN_64_TO_32_BIT_CONVERSION = YES;
				GCC_WARN_ABOUT_RETURN_TYPE = YES_ERROR;
				GCC_WARN_UNDECLARED_SELECTOR = YES;
				GCC_WARN_UNINITIALIZED_AUTOS = YES_AGGRESSIVE;
				GCC_WARN_UNUSED_FUNCTION = YES;
				GCC_WARN_UNUSED_VARIABLE = YES;
				IPHONEOS_DEPLOYMENT_TARGET = 8.0;
				MTL_ENABLE_DEBUG_INFO = NO;
				SDKROOT = iphoneos;
				SWIFT_COMPILATION_MODE = wholemodule;
				SWIFT_OPTIMIZATION_LEVEL = "-O";
				VALIDATE_PRODUCT = YES;
			};
			name = Release;
		};
		6AE9D89A209BD33200B98486 /* Debug */ = {
			isa = XCBuildConfiguration;
			baseConfigurationReference = B11CE9FCB5DBF343DA628405 /* Pods-TrainingAPIRest.debug.xcconfig */;
			buildSettings = {
				ASSETCATALOG_COMPILER_APPICON_NAME = AppIcon;
				CODE_SIGN_STYLE = Automatic;
				DEVELOPMENT_TEAM = M5H4A2L5D7;
				INFOPLIST_FILE = TrainingAPIRest/Info.plist;
				LD_RUNPATH_SEARCH_PATHS = (
					"$(inherited)",
					"@executable_path/Frameworks",
				);
				PRODUCT_BUNDLE_IDENTIFIER = cl.isaiasmac.TrainingAPIRest;
				PRODUCT_NAME = "$(TARGET_NAME)";
				SWIFT_VERSION = 4.0;
				TARGETED_DEVICE_FAMILY = "1,2";
			};
			name = Debug;
		};
		6AE9D89B209BD33200B98486 /* Release */ = {
			isa = XCBuildConfiguration;
			baseConfigurationReference = 4233B558EC2C7EC81D672BD9 /* Pods-TrainingAPIRest.release.xcconfig */;
			buildSettings = {
				ASSETCATALOG_COMPILER_APPICON_NAME = AppIcon;
				CODE_SIGN_STYLE = Automatic;
				DEVELOPMENT_TEAM = M5H4A2L5D7;
				INFOPLIST_FILE = TrainingAPIRest/Info.plist;
				LD_RUNPATH_SEARCH_PATHS = (
					"$(inherited)",
					"@executable_path/Frameworks",
				);
				PRODUCT_BUNDLE_IDENTIFIER = cl.isaiasmac.TrainingAPIRest;
				PRODUCT_NAME = "$(TARGET_NAME)";
				SWIFT_VERSION = 4.0;
				TARGETED_DEVICE_FAMILY = "1,2";
			};
			name = Release;
		};
/* End XCBuildConfiguration section */

/* Begin XCConfigurationList section */
		6AE9D882209BD33100B98486 /* Build configuration list for PBXProject "TrainingAPIRest" */ = {
			isa = XCConfigurationList;
			buildConfigurations = (
				6AE9D897209BD33200B98486 /* Debug */,
				6AE9D898209BD33200B98486 /* Release */,
			);
			defaultConfigurationIsVisible = 0;
			defaultConfigurationName = Release;
		};
		6AE9D899209BD33200B98486 /* Build configuration list for PBXNativeTarget "TrainingAPIRest" */ = {
			isa = XCConfigurationList;
			buildConfigurations = (
				6AE9D89A209BD33200B98486 /* Debug */,
				6AE9D89B209BD33200B98486 /* Release */,
			);
			defaultConfigurationIsVisible = 0;
			defaultConfigurationName = Release;
		};
/* End XCConfigurationList section */
	};
	rootObject = 6AE9D87F209BD33100B98486 /* Project object */;
}
